
Microsoft Visual Studio Solution File, Format Version 12.00
# Visual Studio Version 17
VisualStudioVersion = 17.9.34728.123
MinimumVisualStudioVersion = 10.0.40219.1
Project("{FAE04EC0-301F-11D3-BF4B-00C04F79EFBC}") = "FinalAngelOvalle", "FinalAngelOvalle\FinalAngelOvalle.csproj", "{EC909270-5CAB-4032-8565-72AB0E4E24B8}"
EndProject
Global
	GlobalSection(SolutionConfigurationPlatforms) = preSolution
		Debug|Any CPU = Debug|Any CPU
		Release|Any CPU = Release|Any CPU
	EndGlobalSection
	GlobalSection(ProjectConfigurationPlatforms) = postSolution
		{EC909270-5CAB-4032-8565-72AB0E4E24B8}.Debug|Any CPU.ActiveCfg = Debug|Any CPU
		{EC909270-5CAB-4032-8565-72AB0E4E24B8}.Debug|Any CPU.Build.0 = Debug|Any CPU
		{EC909270-5CAB-4032-8565-72AB0E4E24B8}.Release|Any CPU.ActiveCfg = Release|Any CPU
		{EC909270-5CAB-4032-8565-72AB0E4E24B8}.Release|Any CPU.Build.0 = Release|Any CPU
	EndGlobalSection
	GlobalSection(SolutionProperties) = preSolution
		HideSolutionNode = FALSE
	EndGlobalSection
	GlobalSection(ExtensibilityGlobals) = postSolution
		SolutionGuid = {2591403D-2669-4904-8CB9-2C9371E22505}
	EndGlobalSection
EndGlobal
